{
    "_readme": [
        "This file locks the dependencies of your project to a known state",
        "Read more about it at https://getcomposer.org/doc/01-basic-usage.md#installing-dependencies",
        "This file is @generated automatically"
    ],
    "content-hash": "e28c6906f81d6a0598b10d37efa8e50c",
    "packages": [
        {
            "name": "laravel/serializable-closure",
            "version": "v1.3.1",
            "source": {
                "type": "git",
                "url": "https://github.com/laravel/serializable-closure.git",
                "reference": "e5a3057a5591e1cfe8183034b0203921abe2c902"
            },
            "dist": {
                "type": "zip",
                "url": "https://api.github.com/repos/laravel/serializable-closure/zipball/e5a3057a5591e1cfe8183034b0203921abe2c902",
                "reference": "e5a3057a5591e1cfe8183034b0203921abe2c902",
                "shasum": ""
            },
            "require": {
                "php": "^7.3|^8.0"
            },
            "require-dev": {
                "nesbot/carbon": "^2.61",
                "pestphp/pest": "^1.21.3",
                "phpstan/phpstan": "^1.8.2",
                "symfony/var-dumper": "^5.4.11"
            },
            "type": "library",
            "extra": {
                "branch-alias": {
                    "dev-master": "1.x-dev"
                }
            },
            "autoload": {
                "psr-4": {
                    "Laravel\\SerializableClosure\\": "src/"
                }
            },
            "notification-url": "https://packagist.org/downloads/",
            "license": [
                "MIT"
            ],
            "authors": [
                {
                    "name": "Taylor Otwell",
                    "email": "taylor@laravel.com"
                },
                {
                    "name": "Nuno Maduro",
                    "email": "nuno@laravel.com"
                }
            ],
            "description": "Laravel Serializable Closure provides an easy and secure way to serialize closures in PHP.",
            "keywords": [
                "closure",
                "laravel",
                "serializable"
            ],
            "support": {
                "issues": "https://github.com/laravel/serializable-closure/issues",
                "source": "https://github.com/laravel/serializable-closure"
            },
            "time": "2023-07-14T13:56:28+00:00"
        },
        {
            "name": "spatie/async",
            "version": "1.5.5",
            "source": {
                "type": "git",
                "url": "https://github.com/spatie/async.git",
                "reference": "742708736b1e6d606dd1cd0f60acb7e354211e41"
            },
            "dist": {
                "type": "zip",
                "url": "https://api.github.com/repos/spatie/async/zipball/742708736b1e6d606dd1cd0f60acb7e354211e41",
                "reference": "742708736b1e6d606dd1cd0f60acb7e354211e41",
                "shasum": ""
            },
            "require": {
                "laravel/serializable-closure": "^1.0",
                "php": "^7.4|^8.0",
                "symfony/process": "^3.3 || ^4.0 || ^5.0 || ^6.0"
            },
            "require-dev": {
                "larapack/dd": "^1.1",
                "phpunit/phpunit": "^7.5 || ^8.5.21 || ^9.0",
                "symfony/stopwatch": "^4.0 || ^5.0 || ^6.0"
            },
            "suggest": {
                "ext-pcntl": "Required to use async processes",
                "ext-posix": "Required to use async processes"
            },
            "type": "library",
            "autoload": {
                "files": [
                    "src/helpers.php"
                ],
                "psr-4": {
                    "Spatie\\Async\\": "src"
                }
            },
            "notification-url": "https://packagist.org/downloads/",
            "license": [
                "MIT"
            ],
            "authors": [
                {
                    "name": "Brent Roose",
                    "email": "brent@spatie.be",
                    "homepage": "https://spatie.be",
                    "role": "Developer"
                }
            ],
            "description": "Asynchronous and parallel PHP with the PCNTL extension",
            "homepage": "https://github.com/spatie/async",
            "keywords": [
                "async",
                "spatie"
            ],
            "support": {
                "issues": "https://github.com/spatie/async/issues",
                "source": "https://github.com/spatie/async/tree/1.5.5"
            },
            "funding": [
                {
                    "url": "https://github.com/spatie",
                    "type": "github"
                }
            ],
            "time": "2022-06-21T06:40:45+00:00"
        },
        {
            "name": "symfony/process",
            "version": "v6.0.19",
            "source": {
                "type": "git",
                "url": "https://github.com/symfony/process.git",
                "reference": "2114fd60f26a296cc403a7939ab91478475a33d4"
            },
            "dist": {
                "type": "zip",
                "url": "https://api.github.com/repos/symfony/process/zipball/2114fd60f26a296cc403a7939ab91478475a33d4",
                "reference": "2114fd60f26a296cc403a7939ab91478475a33d4",
                "shasum": ""
            },
            "require": {
                "php": ">=8.0.2"
            },
            "type": "library",
            "autoload": {
                "psr-4": {
                    "Symfony\\Component\\Process\\": ""
                },
                "exclude-from-classmap": [
                    "/Tests/"
                ]
            },
            "notification-url": "https://packagist.org/downloads/",
            "license": [
                "MIT"
            ],
            "authors": [
                {
                    "name": "Fabien Potencier",
                    "email": "fabien@symfony.com"
                },
                {
                    "name": "Symfony Community",
                    "homepage": "https://symfony.com/contributors"
                }
            ],
            "description": "Executes commands in sub-processes",
            "homepage": "https://symfony.com",
            "support": {
                "source": "https://github.com/symfony/process/tree/v6.0.19"
            },
            "funding": [
                {
                    "url": "https://symfony.com/sponsor",
                    "type": "custom"
                },
                {
                    "url": "https://github.com/fabpot",
                    "type": "github"
                },
                {
                    "url": "https://tidelift.com/funding/github/packagist/symfony/symfony",
                    "type": "tidelift"
                }
            ],
            "time": "2023-01-01T08:36:10+00:00"
        }
    ],
    "packages-dev": [],
    "aliases": [],
    "minimum-stability": "stable",
    "stability-flags": [],
    "prefer-stable": false,
    "prefer-lowest": false,
    "platform": [],
    "platform-dev": [],
    "plugin-api-version": "2.1.0"
}
